<?xml version="1.0" encoding="utf-8"?>
<Project ToolsVersion="4.0" xmlns="http://schemas.microsoft.com/developer/msbuild/2003">
  <ItemGroup>
    <Filter Include="Исходные файлы">
      <UniqueIdentifier>{4FC737F1-C7A5-4376-A066-2A32D752A2FF}</UniqueIdentifier>
      <Extensions>cpp;c;cc;cxx;def;odl;idl;hpj;bat;asm;asmx</Extensions>
    </Filter>
    <Filter Include="Файлы заголовков">
      <UniqueIdentifier>{93995380-89BD-4b04-88EB-625FBE52EBFB}</UniqueIdentifier>
      <Extensions>h;hh;hpp;hxx;hm;inl;inc;ipp;xsd</Extensions>
    </Filter>
    <Filter Include="Файлы ресурсов">
      <UniqueIdentifier>{67DA6AB6-F800-4c08-8B7A-83BB121AAD01}</UniqueIdentifier>
      <Extensions>rc;ico;cur;bmp;dlg;rc2;rct;bin;rgs;gif;jpg;jpeg;jpe;resx;tiff;tif;png;wav;mfcribbon-ms</Extensions>
    </Filter>
  </ItemGroup>
  <ItemGroup>
    <ClCompile Include="main.cpp">
      <Filter>Исходные файлы</Filter>
    </ClCompile>
    <ClCompile Include="VertexArray.cpp">
      <Filter>Исходные файлы</Filter>
    </ClCompile>
    <ClCompile Include="Game.cpp">
      <Filter>Исходные файлы</Filter>
    </ClCompile>
    <ClCompile Include="ShaderClass.cpp">
      <Filter>Исходные файлы</Filter>
    </ClCompile>
    <ClCompile Include="Actor.cpp">
      <Filter>Исходные файлы</Filter>
    </ClCompile>
    <ClCompile Include="Model.cpp">
      <Filter>Исходные файлы</Filter>
    </ClCompile>
    <ClCompile Include="Box.cpp">
      <Filter>Исходные файлы</Filter>
    </ClCompile>
    <ClCompile Include="Component.cpp">
      <Filter>Исходные файлы</Filter>
    </ClCompile>
    <ClCompile Include="Display.cpp">
      <Filter>Исходные файлы</Filter>
    </ClCompile>
    <ClCompile Include="Rect.cpp">
      <Filter>Исходные файлы</Filter>
    </ClCompile>
    <ClCompile Include="Shapee.cpp">
      <Filter>Исходные файлы</Filter>
    </ClCompile>
    <ClCompile Include="Fieldee.cpp">
      <Filter>Исходные файлы</Filter>
    </ClCompile>
    <ClCompile Include="Kvadrat.cpp">
      <Filter>Исходные файлы</Filter>
    </ClCompile>
    <ClCompile Include="Treugolnik.cpp">
      <Filter>Исходные файлы</Filter>
    </ClCompile>
    <ClCompile Include="Palka.cpp">
      <Filter>Исходные файлы</Filter>
    </ClCompile>
    <ClCompile Include="Curl.cpp">
      <Filter>Исходные файлы</Filter>
    </ClCompile>
  </ItemGroup>
  <ItemGroup>
    <ClInclude Include="Display.h">
      <Filter>Файлы заголовков</Filter>
    </ClInclude>
    <ClInclude Include="ShaderClass.h">
      <Filter>Файлы заголовков</Filter>
    </ClInclude>
    <ClInclude Include="VertexArray.h">
      <Filter>Файлы заголовков</Filter>
    </ClInclude>
    <ClInclude Include="Game.h">
      <Filter>Файлы заголовков</Filter>
    </ClInclude>
    <ClInclude Include="GameConstants.h">
      <Filter>Файлы заголовков</Filter>
    </ClInclude>
    <ClInclude Include="Actor.h">
      <Filter>Файлы заголовков</Filter>
    </ClInclude>
    <ClInclude Include="Component.h">
      <Filter>Файлы заголовков</Filter>
    </ClInclude>
    <ClInclude Include="Model.h">
      <Filter>Файлы заголовков</Filter>
    </ClInclude>
    <ClInclude Include="Box.h">
      <Filter>Файлы заголовков</Filter>
    </ClInclude>
    <ClInclude Include="Shapee.h">
      <Filter>Файлы заголовков</Filter>
    </ClInclude>
    <ClInclude Include="Rect.h">
      <Filter>Файлы заголовков</Filter>
    </ClInclude>
    <ClInclude Include="Fieldee.h">
      <Filter>Файлы заголовков</Filter>
    </ClInclude>
    <ClInclude Include="Kvadrat.h">
      <Filter>Файлы заголовков</Filter>
    </ClInclude>
    <ClInclude Include="Treugolnik.h">
      <Filter>Файлы заголовков</Filter>
    </ClInclude>
    <ClInclude Include="Palka.h">
      <Filter>Файлы заголовков</Filter>
    </ClInclude>
    <ClInclude Include="Curl.h">
      <Filter>Файлы заголовков</Filter>
    </ClInclude>
  </ItemGroup>
</Project>